
Microsoft Visual Studio Solution File, Format Version 12.00
# Visual Studio Version 16
VisualStudioVersion = 16.0.30320.27
MinimumVisualStudioVersion = 10.0.40219.1
Project("{9A19103F-16F7-4668-BE54-9A1E7A4F7556}") = "Grundlæggende_Programmering", "Grundlæggende_Programmering\Grundlæggende_Programmering.csproj", "{637BE058-4642-4FFD-87A3-17F3ED7ADCCC}"
EndProject
Project("{FAE04EC0-301F-11D3-BF4B-00C04F79EFBC}") = "Variabler_og_Datatyper", "Variabler_og_Datatyper\Variabler_og_Datatyper.csproj", "{52CEBE14-FCDE-40EF-9708-C990DB48F35B}"
EndProject
Project("{FAE04EC0-301F-11D3-BF4B-00C04F79EFBC}") = "CelciusOmregner", "CelciusOmregner\CelciusOmregner.csproj", "{39150D88-06D8-46F6-B2C9-D042FB575896}"
EndProject
Project("{FAE04EC0-301F-11D3-BF4B-00C04F79EFBC}") = "ValutaOmregner", "ValutaOmregner\ValutaOmregner.csproj", "{A958D3E8-4524-408C-BE7A-DD174139489D}"
EndProject
Project("{FAE04EC0-301F-11D3-BF4B-00C04F79EFBC}") = "Lotto", "Lotto\Lotto.csproj", "{77B64C91-8706-4027-9E67-60275F55CDB0}"
EndProject
Project("{FAE04EC0-301F-11D3-BF4B-00C04F79EFBC}") = "Rumfanget", "Rumfanget\Rumfanget.csproj", "{DDD8F0E8-2FD6-4BCF-AAF7-E9B9F39B7531}"
EndProject
Project("{FAE04EC0-301F-11D3-BF4B-00C04F79EFBC}") = "Terningkast", "Terningkast\Terningkast.csproj", "{0713469E-A41C-4567-9367-A8B6DD58F3D2}"
EndProject
Project("{FAE04EC0-301F-11D3-BF4B-00C04F79EFBC}") = "Bubblesort", "Bubblesort\Bubblesort.csproj", "{44297CDB-4FA2-42C5-AAE7-C37A9321C67E}"
EndProject
Project("{FAE04EC0-301F-11D3-BF4B-00C04F79EFBC}") = "Pytagoras", "Pytagoras\Pytagoras.csproj", "{54C26412-344D-4E94-838A-DBC34C532B92}"
EndProject
Project("{FAE04EC0-301F-11D3-BF4B-00C04F79EFBC}") = "Alder", "Alder\Alder.csproj", "{E9C87DEB-CD2A-49B9-BE3C-22871CACB8AA}"
EndProject
Project("{FAE04EC0-301F-11D3-BF4B-00C04F79EFBC}") = "Gæt_et_tal", "Gæt_et_tal\Gæt_et_tal.csproj", "{522D58A2-B6DC-4E04-9DF2-2E07CF5B9798}"
EndProject
Project("{FAE04EC0-301F-11D3-BF4B-00C04F79EFBC}") = "Proto", "Proto\Proto.csproj", "{61DF8E7D-B561-4C01-8661-76648323FF0A}"
EndProject
Project("{FAE04EC0-301F-11D3-BF4B-00C04F79EFBC}") = "Morsekoden", "Morsekoden\Morsekoden.csproj", "{2AE207C2-DF1C-4A2A-8181-E87FFBA640C1}"
EndProject
Project("{FAE04EC0-301F-11D3-BF4B-00C04F79EFBC}") = "igang_med_løkker", "igang_med_løkker\igang_med_løkker.csproj", "{323AB6FF-2F23-4DA9-8C34-A66DA44B595A}"
EndProject
Project("{FAE04EC0-301F-11D3-BF4B-00C04F79EFBC}") = "Array 1", "Array 1\Array 1.csproj", "{697A4D48-60BF-4FC6-99D4-6149EC8CB036}"
EndProject
Project("{FAE04EC0-301F-11D3-BF4B-00C04F79EFBC}") = "Arrays", "Arrays\Arrays.csproj", "{460A9422-93C8-4CEA-A885-10949BAF8BF0}"
EndProject
Global
	GlobalSection(SolutionConfigurationPlatforms) = preSolution
		Debug|Any CPU = Debug|Any CPU
		Release|Any CPU = Release|Any CPU
	EndGlobalSection
	GlobalSection(ProjectConfigurationPlatforms) = postSolution
		{637BE058-4642-4FFD-87A3-17F3ED7ADCCC}.Debug|Any CPU.ActiveCfg = Debug|Any CPU
		{637BE058-4642-4FFD-87A3-17F3ED7ADCCC}.Debug|Any CPU.Build.0 = Debug|Any CPU
		{637BE058-4642-4FFD-87A3-17F3ED7ADCCC}.Release|Any CPU.ActiveCfg = Release|Any CPU
		{637BE058-4642-4FFD-87A3-17F3ED7ADCCC}.Release|Any CPU.Build.0 = Release|Any CPU
		{52CEBE14-FCDE-40EF-9708-C990DB48F35B}.Debug|Any CPU.ActiveCfg = Debug|Any CPU
		{52CEBE14-FCDE-40EF-9708-C990DB48F35B}.Debug|Any CPU.Build.0 = Debug|Any CPU
		{52CEBE14-FCDE-40EF-9708-C990DB48F35B}.Release|Any CPU.ActiveCfg = Release|Any CPU
		{52CEBE14-FCDE-40EF-9708-C990DB48F35B}.Release|Any CPU.Build.0 = Release|Any CPU
		{39150D88-06D8-46F6-B2C9-D042FB575896}.Debug|Any CPU.ActiveCfg = Debug|Any CPU
		{39150D88-06D8-46F6-B2C9-D042FB575896}.Debug|Any CPU.Build.0 = Debug|Any CPU
		{39150D88-06D8-46F6-B2C9-D042FB575896}.Release|Any CPU.ActiveCfg = Release|Any CPU
		{39150D88-06D8-46F6-B2C9-D042FB575896}.Release|Any CPU.Build.0 = Release|Any CPU
		{A958D3E8-4524-408C-BE7A-DD174139489D}.Debug|Any CPU.ActiveCfg = Debug|Any CPU
		{A958D3E8-4524-408C-BE7A-DD174139489D}.Debug|Any CPU.Build.0 = Debug|Any CPU
		{A958D3E8-4524-408C-BE7A-DD174139489D}.Release|Any CPU.ActiveCfg = Release|Any CPU
		{A958D3E8-4524-408C-BE7A-DD174139489D}.Release|Any CPU.Build.0 = Release|Any CPU
		{77B64C91-8706-4027-9E67-60275F55CDB0}.Debug|Any CPU.ActiveCfg = Debug|Any CPU
		{77B64C91-8706-4027-9E67-60275F55CDB0}.Debug|Any CPU.Build.0 = Debug|Any CPU
		{77B64C91-8706-4027-9E67-60275F55CDB0}.Release|Any CPU.ActiveCfg = Release|Any CPU
		{77B64C91-8706-4027-9E67-60275F55CDB0}.Release|Any CPU.Build.0 = Release|Any CPU
		{DDD8F0E8-2FD6-4BCF-AAF7-E9B9F39B7531}.Debug|Any CPU.ActiveCfg = Debug|Any CPU
		{DDD8F0E8-2FD6-4BCF-AAF7-E9B9F39B7531}.Debug|Any CPU.Build.0 = Debug|Any CPU
		{DDD8F0E8-2FD6-4BCF-AAF7-E9B9F39B7531}.Release|Any CPU.ActiveCfg = Release|Any CPU
		{DDD8F0E8-2FD6-4BCF-AAF7-E9B9F39B7531}.Release|Any CPU.Build.0 = Release|Any CPU
		{0713469E-A41C-4567-9367-A8B6DD58F3D2}.Debug|Any CPU.ActiveCfg = Debug|Any CPU
		{0713469E-A41C-4567-9367-A8B6DD58F3D2}.Debug|Any CPU.Build.0 = Debug|Any CPU
		{0713469E-A41C-4567-9367-A8B6DD58F3D2}.Release|Any CPU.ActiveCfg = Release|Any CPU
		{0713469E-A41C-4567-9367-A8B6DD58F3D2}.Release|Any CPU.Build.0 = Release|Any CPU
		{44297CDB-4FA2-42C5-AAE7-C37A9321C67E}.Debug|Any CPU.ActiveCfg = Debug|Any CPU
		{44297CDB-4FA2-42C5-AAE7-C37A9321C67E}.Debug|Any CPU.Build.0 = Debug|Any CPU
		{44297CDB-4FA2-42C5-AAE7-C37A9321C67E}.Release|Any CPU.ActiveCfg = Release|Any CPU
		{44297CDB-4FA2-42C5-AAE7-C37A9321C67E}.Release|Any CPU.Build.0 = Release|Any CPU
		{54C26412-344D-4E94-838A-DBC34C532B92}.Debug|Any CPU.ActiveCfg = Debug|Any CPU
		{54C26412-344D-4E94-838A-DBC34C532B92}.Debug|Any CPU.Build.0 = Debug|Any CPU
		{54C26412-344D-4E94-838A-DBC34C532B92}.Release|Any CPU.ActiveCfg = Release|Any CPU
		{54C26412-344D-4E94-838A-DBC34C532B92}.Release|Any CPU.Build.0 = Release|Any CPU
		{E9C87DEB-CD2A-49B9-BE3C-22871CACB8AA}.Debug|Any CPU.ActiveCfg = Debug|Any CPU
		{E9C87DEB-CD2A-49B9-BE3C-22871CACB8AA}.Debug|Any CPU.Build.0 = Debug|Any CPU
		{E9C87DEB-CD2A-49B9-BE3C-22871CACB8AA}.Release|Any CPU.ActiveCfg = Release|Any CPU
		{E9C87DEB-CD2A-49B9-BE3C-22871CACB8AA}.Release|Any CPU.Build.0 = Release|Any CPU
		{522D58A2-B6DC-4E04-9DF2-2E07CF5B9798}.Debug|Any CPU.ActiveCfg = Debug|Any CPU
		{522D58A2-B6DC-4E04-9DF2-2E07CF5B9798}.Debug|Any CPU.Build.0 = Debug|Any CPU
		{522D58A2-B6DC-4E04-9DF2-2E07CF5B9798}.Release|Any CPU.ActiveCfg = Release|Any CPU
		{522D58A2-B6DC-4E04-9DF2-2E07CF5B9798}.Release|Any CPU.Build.0 = Release|Any CPU
		{61DF8E7D-B561-4C01-8661-76648323FF0A}.Debug|Any CPU.ActiveCfg = Debug|Any CPU
		{61DF8E7D-B561-4C01-8661-76648323FF0A}.Debug|Any CPU.Build.0 = Debug|Any CPU
		{61DF8E7D-B561-4C01-8661-76648323FF0A}.Release|Any CPU.ActiveCfg = Release|Any CPU
		{61DF8E7D-B561-4C01-8661-76648323FF0A}.Release|Any CPU.Build.0 = Release|Any CPU
		{2AE207C2-DF1C-4A2A-8181-E87FFBA640C1}.Debug|Any CPU.ActiveCfg = Debug|Any CPU
		{2AE207C2-DF1C-4A2A-8181-E87FFBA640C1}.Debug|Any CPU.Build.0 = Debug|Any CPU
		{2AE207C2-DF1C-4A2A-8181-E87FFBA640C1}.Release|Any CPU.ActiveCfg = Release|Any CPU
		{2AE207C2-DF1C-4A2A-8181-E87FFBA640C1}.Release|Any CPU.Build.0 = Release|Any CPU
		{323AB6FF-2F23-4DA9-8C34-A66DA44B595A}.Debug|Any CPU.ActiveCfg = Debug|Any CPU
		{323AB6FF-2F23-4DA9-8C34-A66DA44B595A}.Debug|Any CPU.Build.0 = Debug|Any CPU
		{323AB6FF-2F23-4DA9-8C34-A66DA44B595A}.Release|Any CPU.ActiveCfg = Release|Any CPU
		{323AB6FF-2F23-4DA9-8C34-A66DA44B595A}.Release|Any CPU.Build.0 = Release|Any CPU
		{697A4D48-60BF-4FC6-99D4-6149EC8CB036}.Debug|Any CPU.ActiveCfg = Debug|Any CPU
		{697A4D48-60BF-4FC6-99D4-6149EC8CB036}.Debug|Any CPU.Build.0 = Debug|Any CPU
		{697A4D48-60BF-4FC6-99D4-6149EC8CB036}.Release|Any CPU.ActiveCfg = Release|Any CPU
		{697A4D48-60BF-4FC6-99D4-6149EC8CB036}.Release|Any CPU.Build.0 = Release|Any CPU
		{460A9422-93C8-4CEA-A885-10949BAF8BF0}.Debug|Any CPU.ActiveCfg = Debug|Any CPU
		{460A9422-93C8-4CEA-A885-10949BAF8BF0}.Debug|Any CPU.Build.0 = Debug|Any CPU
		{460A9422-93C8-4CEA-A885-10949BAF8BF0}.Release|Any CPU.ActiveCfg = Release|Any CPU
		{460A9422-93C8-4CEA-A885-10949BAF8BF0}.Release|Any CPU.Build.0 = Release|Any CPU
	EndGlobalSection
	GlobalSection(SolutionProperties) = preSolution
		HideSolutionNode = FALSE
	EndGlobalSection
	GlobalSection(ExtensibilityGlobals) = postSolution
		SolutionGuid = {53F31FFB-155D-48B5-B021-4A0E20217B95}
	EndGlobalSection
EndGlobal
