
Microsoft Visual Studio Solution File, Format Version 12.00
# Visual Studio Version 16
VisualStudioVersion = 16.0.30320.27
MinimumVisualStudioVersion = 10.0.40219.1
Project("{FAE04EC0-301F-11D3-BF4B-00C04F79EFBC}") = "Grundlæggende_Programmering", "Grundlæggende_Programmering\Grundlæggende_Programmering.csproj", "{637BE058-4642-4FFD-87A3-17F3ED7ADCCC}"
EndProject
Global
	GlobalSection(SolutionConfigurationPlatforms) = preSolution
		Debug|Any CPU = Debug|Any CPU
		Release|Any CPU = Release|Any CPU
	EndGlobalSection
	GlobalSection(ProjectConfigurationPlatforms) = postSolution
		{637BE058-4642-4FFD-87A3-17F3ED7ADCCC}.Debug|Any CPU.ActiveCfg = Debug|Any CPU
		{637BE058-4642-4FFD-87A3-17F3ED7ADCCC}.Debug|Any CPU.Build.0 = Debug|Any CPU
		{637BE058-4642-4FFD-87A3-17F3ED7ADCCC}.Release|Any CPU.ActiveCfg = Release|Any CPU
		{637BE058-4642-4FFD-87A3-17F3ED7ADCCC}.Release|Any CPU.Build.0 = Release|Any CPU
	EndGlobalSection
	GlobalSection(SolutionProperties) = preSolution
		HideSolutionNode = FALSE
	EndGlobalSection
	GlobalSection(ExtensibilityGlobals) = postSolution
		SolutionGuid = {53F31FFB-155D-48B5-B021-4A0E20217B95}
	EndGlobalSection
EndGlobal
